
Microsoft Visual Studio Solution File, Format Version 12.00
# Visual Studio Version 16
VisualStudioVersion = 16.0.32228.343
MinimumVisualStudioVersion = 10.0.40219.1
Project("{2150E333-8FDC-42A3-9474-1A3956D46DE8}") = "1", "1", "{731361D0-71E6-4E71-85A2-EE1E40B7AD09}"
EndProject
Project("{8BC9CEB8-8B4A-11D0-8D11-00A0C91BC942}") = "TestConstantPointer", "TestConstantPointer\TestConstantPointer.vcxproj", "{C2387D13-B594-4AAE-BE87-4DEAD0682DD3}"
EndProject
Project("{8BC9CEB8-8B4A-11D0-8D11-00A0C91BC942}") = "TestSpecialFunction1", "TestSpecialFunction\TestSpecialFunction.vcxproj", "{43CBB32A-6AD1-4DB7-A98F-77C6BDFF7315}"
EndProject
Project("{8BC9CEB8-8B4A-11D0-8D11-00A0C91BC942}") = "Testspecialfunction2", "Testspecialfunction2\Testspecialfunction2.vcxproj", "{615C63FA-CBCA-4E01-98EC-56F26DF58154}"
EndProject
Project("{8BC9CEB8-8B4A-11D0-8D11-00A0C91BC942}") = "IFwithinitializer", "IFwithinitializer\IFwithinitializer.vcxproj", "{BC633616-4FEC-438E-ABE9-F0CAD8D0A4FB}"
EndProject
Project("{8BC9CEB8-8B4A-11D0-8D11-00A0C91BC942}") = "SWITCHwithinitialzer", "SWITCHwithinitialzer\SWITCHwithinitialzer.vcxproj", "{AC289833-220B-4723-8ACE-5B602E916B7D}"
EndProject
Project("{2150E333-8FDC-42A3-9474-1A3956D46DE8}") = "2", "2", "{D89BFD27-9492-440B-8DBF-3A19EDCF7AC8}"
EndProject
Project("{8BC9CEB8-8B4A-11D0-8D11-00A0C91BC942}") = "TestclassCircle", "TestCircle\TestCircle.vcxproj", "{7204F423-7CF1-4982-A384-FD5D16D60250}"
EndProject
Project("{8BC9CEB8-8B4A-11D0-8D11-00A0C91BC942}") = "testObjectCopy", "testObjectCopy\testObjectCopy.vcxproj", "{7E0595DB-DC82-434B-A55E-89F845173113}"
EndProject
Project("{8BC9CEB8-8B4A-11D0-8D11-00A0C91BC942}") = "AnonymousObject", "AnonymousObject\AnonymousObject.vcxproj", "{5B5E03CB-CEFC-402E-979E-5919FC79EF8C}"
EndProject
Project("{8BC9CEB8-8B4A-11D0-8D11-00A0C91BC942}") = "TestInlineCircle", "TestInlineCircle\TestInlineCircle.vcxproj", "{FF2E6A5C-8A0B-4D2F-A3EC-B0AF7E95D56F}"
EndProject
Global
	GlobalSection(SolutionConfigurationPlatforms) = preSolution
		Debug|x64 = Debug|x64
		Debug|x86 = Debug|x86
		Release|x64 = Release|x64
		Release|x86 = Release|x86
	EndGlobalSection
	GlobalSection(ProjectConfigurationPlatforms) = postSolution
		{C2387D13-B594-4AAE-BE87-4DEAD0682DD3}.Debug|x64.ActiveCfg = Debug|x64
		{C2387D13-B594-4AAE-BE87-4DEAD0682DD3}.Debug|x64.Build.0 = Debug|x64
		{C2387D13-B594-4AAE-BE87-4DEAD0682DD3}.Debug|x86.ActiveCfg = Debug|Win32
		{C2387D13-B594-4AAE-BE87-4DEAD0682DD3}.Debug|x86.Build.0 = Debug|Win32
		{C2387D13-B594-4AAE-BE87-4DEAD0682DD3}.Release|x64.ActiveCfg = Release|x64
		{C2387D13-B594-4AAE-BE87-4DEAD0682DD3}.Release|x64.Build.0 = Release|x64
		{C2387D13-B594-4AAE-BE87-4DEAD0682DD3}.Release|x86.ActiveCfg = Release|Win32
		{C2387D13-B594-4AAE-BE87-4DEAD0682DD3}.Release|x86.Build.0 = Release|Win32
		{43CBB32A-6AD1-4DB7-A98F-77C6BDFF7315}.Debug|x64.ActiveCfg = Debug|x64
		{43CBB32A-6AD1-4DB7-A98F-77C6BDFF7315}.Debug|x64.Build.0 = Debug|x64
		{43CBB32A-6AD1-4DB7-A98F-77C6BDFF7315}.Debug|x86.ActiveCfg = Debug|Win32
		{43CBB32A-6AD1-4DB7-A98F-77C6BDFF7315}.Debug|x86.Build.0 = Debug|Win32
		{43CBB32A-6AD1-4DB7-A98F-77C6BDFF7315}.Release|x64.ActiveCfg = Release|x64
		{43CBB32A-6AD1-4DB7-A98F-77C6BDFF7315}.Release|x64.Build.0 = Release|x64
		{43CBB32A-6AD1-4DB7-A98F-77C6BDFF7315}.Release|x86.ActiveCfg = Release|Win32
		{43CBB32A-6AD1-4DB7-A98F-77C6BDFF7315}.Release|x86.Build.0 = Release|Win32
		{615C63FA-CBCA-4E01-98EC-56F26DF58154}.Debug|x64.ActiveCfg = Debug|x64
		{615C63FA-CBCA-4E01-98EC-56F26DF58154}.Debug|x64.Build.0 = Debug|x64
		{615C63FA-CBCA-4E01-98EC-56F26DF58154}.Debug|x86.ActiveCfg = Debug|Win32
		{615C63FA-CBCA-4E01-98EC-56F26DF58154}.Debug|x86.Build.0 = Debug|Win32
		{615C63FA-CBCA-4E01-98EC-56F26DF58154}.Release|x64.ActiveCfg = Release|x64
		{615C63FA-CBCA-4E01-98EC-56F26DF58154}.Release|x64.Build.0 = Release|x64
		{615C63FA-CBCA-4E01-98EC-56F26DF58154}.Release|x86.ActiveCfg = Release|Win32
		{615C63FA-CBCA-4E01-98EC-56F26DF58154}.Release|x86.Build.0 = Release|Win32
		{BC633616-4FEC-438E-ABE9-F0CAD8D0A4FB}.Debug|x64.ActiveCfg = Debug|x64
		{BC633616-4FEC-438E-ABE9-F0CAD8D0A4FB}.Debug|x64.Build.0 = Debug|x64
		{BC633616-4FEC-438E-ABE9-F0CAD8D0A4FB}.Debug|x86.ActiveCfg = Debug|Win32
		{BC633616-4FEC-438E-ABE9-F0CAD8D0A4FB}.Debug|x86.Build.0 = Debug|Win32
		{BC633616-4FEC-438E-ABE9-F0CAD8D0A4FB}.Release|x64.ActiveCfg = Release|x64
		{BC633616-4FEC-438E-ABE9-F0CAD8D0A4FB}.Release|x64.Build.0 = Release|x64
		{BC633616-4FEC-438E-ABE9-F0CAD8D0A4FB}.Release|x86.ActiveCfg = Release|Win32
		{BC633616-4FEC-438E-ABE9-F0CAD8D0A4FB}.Release|x86.Build.0 = Release|Win32
		{AC289833-220B-4723-8ACE-5B602E916B7D}.Debug|x64.ActiveCfg = Debug|x64
		{AC289833-220B-4723-8ACE-5B602E916B7D}.Debug|x64.Build.0 = Debug|x64
		{AC289833-220B-4723-8ACE-5B602E916B7D}.Debug|x86.ActiveCfg = Debug|Win32
		{AC289833-220B-4723-8ACE-5B602E916B7D}.Debug|x86.Build.0 = Debug|Win32
		{AC289833-220B-4723-8ACE-5B602E916B7D}.Release|x64.ActiveCfg = Release|x64
		{AC289833-220B-4723-8ACE-5B602E916B7D}.Release|x64.Build.0 = Release|x64
		{AC289833-220B-4723-8ACE-5B602E916B7D}.Release|x86.ActiveCfg = Release|Win32
		{AC289833-220B-4723-8ACE-5B602E916B7D}.Release|x86.Build.0 = Release|Win32
		{7204F423-7CF1-4982-A384-FD5D16D60250}.Debug|x64.ActiveCfg = Debug|x64
		{7204F423-7CF1-4982-A384-FD5D16D60250}.Debug|x64.Build.0 = Debug|x64
		{7204F423-7CF1-4982-A384-FD5D16D60250}.Debug|x86.ActiveCfg = Debug|Win32
		{7204F423-7CF1-4982-A384-FD5D16D60250}.Debug|x86.Build.0 = Debug|Win32
		{7204F423-7CF1-4982-A384-FD5D16D60250}.Release|x64.ActiveCfg = Release|x64
		{7204F423-7CF1-4982-A384-FD5D16D60250}.Release|x64.Build.0 = Release|x64
		{7204F423-7CF1-4982-A384-FD5D16D60250}.Release|x86.ActiveCfg = Release|Win32
		{7204F423-7CF1-4982-A384-FD5D16D60250}.Release|x86.Build.0 = Release|Win32
		{7E0595DB-DC82-434B-A55E-89F845173113}.Debug|x64.ActiveCfg = Debug|x64
		{7E0595DB-DC82-434B-A55E-89F845173113}.Debug|x64.Build.0 = Debug|x64
		{7E0595DB-DC82-434B-A55E-89F845173113}.Debug|x86.ActiveCfg = Debug|Win32
		{7E0595DB-DC82-434B-A55E-89F845173113}.Debug|x86.Build.0 = Debug|Win32
		{7E0595DB-DC82-434B-A55E-89F845173113}.Release|x64.ActiveCfg = Release|x64
		{7E0595DB-DC82-434B-A55E-89F845173113}.Release|x64.Build.0 = Release|x64
		{7E0595DB-DC82-434B-A55E-89F845173113}.Release|x86.ActiveCfg = Release|Win32
		{7E0595DB-DC82-434B-A55E-89F845173113}.Release|x86.Build.0 = Release|Win32
		{5B5E03CB-CEFC-402E-979E-5919FC79EF8C}.Debug|x64.ActiveCfg = Debug|x64
		{5B5E03CB-CEFC-402E-979E-5919FC79EF8C}.Debug|x64.Build.0 = Debug|x64
		{5B5E03CB-CEFC-402E-979E-5919FC79EF8C}.Debug|x86.ActiveCfg = Debug|Win32
		{5B5E03CB-CEFC-402E-979E-5919FC79EF8C}.Debug|x86.Build.0 = Debug|Win32
		{5B5E03CB-CEFC-402E-979E-5919FC79EF8C}.Release|x64.ActiveCfg = Release|x64
		{5B5E03CB-CEFC-402E-979E-5919FC79EF8C}.Release|x64.Build.0 = Release|x64
		{5B5E03CB-CEFC-402E-979E-5919FC79EF8C}.Release|x86.ActiveCfg = Release|Win32
		{5B5E03CB-CEFC-402E-979E-5919FC79EF8C}.Release|x86.Build.0 = Release|Win32
		{FF2E6A5C-8A0B-4D2F-A3EC-B0AF7E95D56F}.Debug|x64.ActiveCfg = Debug|x64
		{FF2E6A5C-8A0B-4D2F-A3EC-B0AF7E95D56F}.Debug|x64.Build.0 = Debug|x64
		{FF2E6A5C-8A0B-4D2F-A3EC-B0AF7E95D56F}.Debug|x86.ActiveCfg = Debug|Win32
		{FF2E6A5C-8A0B-4D2F-A3EC-B0AF7E95D56F}.Debug|x86.Build.0 = Debug|Win32
		{FF2E6A5C-8A0B-4D2F-A3EC-B0AF7E95D56F}.Release|x64.ActiveCfg = Release|x64
		{FF2E6A5C-8A0B-4D2F-A3EC-B0AF7E95D56F}.Release|x64.Build.0 = Release|x64
		{FF2E6A5C-8A0B-4D2F-A3EC-B0AF7E95D56F}.Release|x86.ActiveCfg = Release|Win32
		{FF2E6A5C-8A0B-4D2F-A3EC-B0AF7E95D56F}.Release|x86.Build.0 = Release|Win32
	EndGlobalSection
	GlobalSection(SolutionProperties) = preSolution
		HideSolutionNode = FALSE
	EndGlobalSection
	GlobalSection(NestedProjects) = preSolution
		{C2387D13-B594-4AAE-BE87-4DEAD0682DD3} = {731361D0-71E6-4E71-85A2-EE1E40B7AD09}
		{43CBB32A-6AD1-4DB7-A98F-77C6BDFF7315} = {731361D0-71E6-4E71-85A2-EE1E40B7AD09}
		{615C63FA-CBCA-4E01-98EC-56F26DF58154} = {731361D0-71E6-4E71-85A2-EE1E40B7AD09}
		{BC633616-4FEC-438E-ABE9-F0CAD8D0A4FB} = {731361D0-71E6-4E71-85A2-EE1E40B7AD09}
		{AC289833-220B-4723-8ACE-5B602E916B7D} = {731361D0-71E6-4E71-85A2-EE1E40B7AD09}
		{7204F423-7CF1-4982-A384-FD5D16D60250} = {731361D0-71E6-4E71-85A2-EE1E40B7AD09}
		{7E0595DB-DC82-434B-A55E-89F845173113} = {731361D0-71E6-4E71-85A2-EE1E40B7AD09}
		{5B5E03CB-CEFC-402E-979E-5919FC79EF8C} = {731361D0-71E6-4E71-85A2-EE1E40B7AD09}
		{FF2E6A5C-8A0B-4D2F-A3EC-B0AF7E95D56F} = {731361D0-71E6-4E71-85A2-EE1E40B7AD09}
	EndGlobalSection
	GlobalSection(ExtensibilityGlobals) = postSolution
		SolutionGuid = {DDADCC9D-8A7D-431A-8FCE-29E5BBEF7C61}
	EndGlobalSection
EndGlobal
